
Microsoft Visual Studio Solution File, Format Version 12.00
# Visual Studio Version 17
VisualStudioVersion = 17.5.002.0
MinimumVisualStudioVersion = 10.0.40219.1
Project("{9A19103F-16F7-4668-BE54-9A1E7A4F7556}") = "carddatasync3", "carddatasync3.csproj", "{DD802B48-DD4B-4CA8-BD34-814238346FB6}"
EndProject
Global
	GlobalSection(SolutionConfigurationPlatforms) = preSolution
		Debug|Any CPU = Debug|Any CPU
		Release|Any CPU = Release|Any CPU
	EndGlobalSection
	GlobalSection(ProjectConfigurationPlatforms) = postSolution
		{DD802B48-DD4B-4CA8-BD34-814238346FB6}.Debug|Any CPU.ActiveCfg = Debug|Any CPU
		{DD802B48-DD4B-4CA8-BD34-814238346FB6}.Debug|Any CPU.Build.0 = Debug|Any CPU
		{DD802B48-DD4B-4CA8-BD34-814238346FB6}.Release|Any CPU.ActiveCfg = Release|Any CPU
		{DD802B48-DD4B-4CA8-BD34-814238346FB6}.Release|Any CPU.Build.0 = Release|Any CPU
	EndGlobalSection
	GlobalSection(SolutionProperties) = preSolution
		HideSolutionNode = FALSE
	EndGlobalSection
	GlobalSection(ExtensibilityGlobals) = postSolution
		SolutionGuid = {1ED83ADD-9E5F-4A5E-A924-ADCACF04479E}
	EndGlobalSection
EndGlobal
